
Microsoft Visual Studio Solution File, Format Version 11.00
# Visual Studio 2010
Project("{FAE04EC0-301F-11D3-BF4B-00C04F79EFBC}") = "Summer_work", "Summer_work\Summer_work.csproj", "{C512C0B8-1765-4C11-8E0F-3E2774FFC484}"
EndProject
Project("{2150E333-8FDC-42A3-9474-1A3956D46DE8}") = "Solution Items", "Solution Items", "{5AEF76CF-AC84-4539-A3F5-2B0834AEF257}"
	ProjectSection(SolutionItems) = preProject
		Summer_work\Dowel.cs = Summer_work\Dowel.cs
	EndProjectSection
EndProject
Global
	GlobalSection(SolutionConfigurationPlatforms) = preSolution
		Debug|x86 = Debug|x86
		Release|x86 = Release|x86
	EndGlobalSection
	GlobalSection(ProjectConfigurationPlatforms) = postSolution
		{C512C0B8-1765-4C11-8E0F-3E2774FFC484}.Debug|x86.ActiveCfg = Debug|x86
		{C512C0B8-1765-4C11-8E0F-3E2774FFC484}.Debug|x86.Build.0 = Debug|x86
		{C512C0B8-1765-4C11-8E0F-3E2774FFC484}.Release|x86.ActiveCfg = Release|x86
		{C512C0B8-1765-4C11-8E0F-3E2774FFC484}.Release|x86.Build.0 = Release|x86
	EndGlobalSection
	GlobalSection(NestedProjects) = preSolution
	EndGlobalSection
	GlobalSection(MonoDevelopProperties) = preSolution
		StartupItem = Summer_work\Summer_work.csproj
	EndGlobalSection
EndGlobal
